
Microsoft Visual Studio Solution File, Format Version 12.00
# Visual Studio Version 17
VisualStudioVersion = 17.8.34330.188
MinimumVisualStudioVersion = 10.0.40219.1
Project("{FAE04EC0-301F-11D3-BF4B-00C04F79EFBC}") = "WebAppViewBagViewDataTempData", "WebAppViewBagViewDataTempData\WebAppViewBagViewDataTempData.csproj", "{698830D1-F0DB-43C8-9E40-0FD187F6E182}"
EndProject
Global
	GlobalSection(SolutionConfigurationPlatforms) = preSolution
		Debug|Any CPU = Debug|Any CPU
		Release|Any CPU = Release|Any CPU
	EndGlobalSection
	GlobalSection(ProjectConfigurationPlatforms) = postSolution
		{698830D1-F0DB-43C8-9E40-0FD187F6E182}.Debug|Any CPU.ActiveCfg = Debug|Any CPU
		{698830D1-F0DB-43C8-9E40-0FD187F6E182}.Debug|Any CPU.Build.0 = Debug|Any CPU
		{698830D1-F0DB-43C8-9E40-0FD187F6E182}.Release|Any CPU.ActiveCfg = Release|Any CPU
		{698830D1-F0DB-43C8-9E40-0FD187F6E182}.Release|Any CPU.Build.0 = Release|Any CPU
	EndGlobalSection
	GlobalSection(SolutionProperties) = preSolution
		HideSolutionNode = FALSE
	EndGlobalSection
	GlobalSection(ExtensibilityGlobals) = postSolution
		SolutionGuid = {04652A11-D31B-40FB-A3C3-31DD75C0D8EF}
	EndGlobalSection
EndGlobal
